
Microsoft Visual Studio Solution File, Format Version 12.00
# Visual Studio 15
VisualStudioVersion = 15.0.26228.4
MinimumVisualStudioVersion = 10.0.40219.1
Project("{FAE04EC0-301F-11D3-BF4B-00C04F79EFBC}") = "AzadiSoft.UserManager.WebUI", "AzadiSoft.UserManager.WebUI\AzadiSoft.UserManager.WebUI.csproj", "{6ECBFB2C-98F5-4CFB-87E7-00E0F0AA419F}"
EndProject
Project("{FAE04EC0-301F-11D3-BF4B-00C04F79EFBC}") = "AzadiSoft.UserManager.DataLayer", "AzadiSoft.UserManager.DataLayer\AzadiSoft.UserManager.DataLayer.csproj", "{5CB7BE34-4D33-4D22-9966-7D49E79BC4C5}"
EndProject
Project("{FAE04EC0-301F-11D3-BF4B-00C04F79EFBC}") = "AzadiSoft.UserManager.ServiceLayer", "AzadiSoft.UserManager.ServiceLayer\AzadiSoft.UserManager.ServiceLayer.csproj", "{82251168-30EC-4A56-B9C5-4B10B6BABD2B}"
EndProject
Project("{FAE04EC0-301F-11D3-BF4B-00C04F79EFBC}") = "AzadiSoft.UserManager.DomainModels", "AzadiSoft.UserManager.DomainModels\AzadiSoft.UserManager.DomainModels.csproj", "{7FDD7FC3-03CF-40D2-9418-FCFFE74B23F3}"
EndProject
Project("{FAE04EC0-301F-11D3-BF4B-00C04F79EFBC}") = "AzadiSoft.UserManager.ViewModels", "AzadiSoft.UserManager.ViewModels\AzadiSoft.UserManager.ViewModels.csproj", "{235F82B8-1EF8-4063-BBD1-AEAF357CCF93}"
EndProject
Project("{FAE04EC0-301F-11D3-BF4B-00C04F79EFBC}") = "AzadiSoft.UserManager.Mappings", "AzadiSoft.UserManager.Mappings\AzadiSoft.UserManager.Mappings.csproj", "{95CFB7C8-0CB1-4B80-B889-2B2B07281645}"
EndProject
Project("{FAE04EC0-301F-11D3-BF4B-00C04F79EFBC}") = "AzadiSoft.UserManager.Resources", "AzadiSoft.UserManager.Resources\AzadiSoft.UserManager.Resources.csproj", "{32D074FD-B39F-4EA9-B075-C239C0041AD9}"
EndProject
Global
	GlobalSection(SolutionConfigurationPlatforms) = preSolution
		Debug|Any CPU = Debug|Any CPU
		Release|Any CPU = Release|Any CPU
	EndGlobalSection
	GlobalSection(ProjectConfigurationPlatforms) = postSolution
		{6ECBFB2C-98F5-4CFB-87E7-00E0F0AA419F}.Debug|Any CPU.ActiveCfg = Debug|Any CPU
		{6ECBFB2C-98F5-4CFB-87E7-00E0F0AA419F}.Debug|Any CPU.Build.0 = Debug|Any CPU
		{6ECBFB2C-98F5-4CFB-87E7-00E0F0AA419F}.Release|Any CPU.ActiveCfg = Release|Any CPU
		{6ECBFB2C-98F5-4CFB-87E7-00E0F0AA419F}.Release|Any CPU.Build.0 = Release|Any CPU
		{5CB7BE34-4D33-4D22-9966-7D49E79BC4C5}.Debug|Any CPU.ActiveCfg = Debug|Any CPU
		{5CB7BE34-4D33-4D22-9966-7D49E79BC4C5}.Debug|Any CPU.Build.0 = Debug|Any CPU
		{5CB7BE34-4D33-4D22-9966-7D49E79BC4C5}.Release|Any CPU.ActiveCfg = Release|Any CPU
		{5CB7BE34-4D33-4D22-9966-7D49E79BC4C5}.Release|Any CPU.Build.0 = Release|Any CPU
		{82251168-30EC-4A56-B9C5-4B10B6BABD2B}.Debug|Any CPU.ActiveCfg = Debug|Any CPU
		{82251168-30EC-4A56-B9C5-4B10B6BABD2B}.Debug|Any CPU.Build.0 = Debug|Any CPU
		{82251168-30EC-4A56-B9C5-4B10B6BABD2B}.Release|Any CPU.ActiveCfg = Release|Any CPU
		{82251168-30EC-4A56-B9C5-4B10B6BABD2B}.Release|Any CPU.Build.0 = Release|Any CPU
		{7FDD7FC3-03CF-40D2-9418-FCFFE74B23F3}.Debug|Any CPU.ActiveCfg = Debug|Any CPU
		{7FDD7FC3-03CF-40D2-9418-FCFFE74B23F3}.Debug|Any CPU.Build.0 = Debug|Any CPU
		{7FDD7FC3-03CF-40D2-9418-FCFFE74B23F3}.Release|Any CPU.ActiveCfg = Release|Any CPU
		{7FDD7FC3-03CF-40D2-9418-FCFFE74B23F3}.Release|Any CPU.Build.0 = Release|Any CPU
		{235F82B8-1EF8-4063-BBD1-AEAF357CCF93}.Debug|Any CPU.ActiveCfg = Debug|Any CPU
		{235F82B8-1EF8-4063-BBD1-AEAF357CCF93}.Debug|Any CPU.Build.0 = Debug|Any CPU
		{235F82B8-1EF8-4063-BBD1-AEAF357CCF93}.Release|Any CPU.ActiveCfg = Release|Any CPU
		{235F82B8-1EF8-4063-BBD1-AEAF357CCF93}.Release|Any CPU.Build.0 = Release|Any CPU
		{95CFB7C8-0CB1-4B80-B889-2B2B07281645}.Debug|Any CPU.ActiveCfg = Debug|Any CPU
		{95CFB7C8-0CB1-4B80-B889-2B2B07281645}.Debug|Any CPU.Build.0 = Debug|Any CPU
		{95CFB7C8-0CB1-4B80-B889-2B2B07281645}.Release|Any CPU.ActiveCfg = Release|Any CPU
		{95CFB7C8-0CB1-4B80-B889-2B2B07281645}.Release|Any CPU.Build.0 = Release|Any CPU
		{32D074FD-B39F-4EA9-B075-C239C0041AD9}.Debug|Any CPU.ActiveCfg = Debug|Any CPU
		{32D074FD-B39F-4EA9-B075-C239C0041AD9}.Debug|Any CPU.Build.0 = Debug|Any CPU
		{32D074FD-B39F-4EA9-B075-C239C0041AD9}.Release|Any CPU.ActiveCfg = Release|Any CPU
		{32D074FD-B39F-4EA9-B075-C239C0041AD9}.Release|Any CPU.Build.0 = Release|Any CPU
	EndGlobalSection
	GlobalSection(SolutionProperties) = preSolution
		HideSolutionNode = FALSE
	EndGlobalSection
	GlobalSection(ExtensibilityGlobals) = postSolution
		SolutionGuid = {5111E068-4D1C-40FF-B8E6-11854A995505}
	EndGlobalSection
EndGlobal
